
Microsoft Visual Studio Solution File, Format Version 12.00
# Visual Studio Version 16
VisualStudioVersion = 16.0.30011.22
MinimumVisualStudioVersion = 10.0.40219.1
Project("{9A19103F-16F7-4668-BE54-9A1E7A4F7556}") = "UserAdministration", "UserAdministration\UserAdministration.csproj", "{D72058FA-3068-456C-A101-4EA249990640}"
EndProject
Project("{9A19103F-16F7-4668-BE54-9A1E7A4F7556}") = "UserAdministration.Test", "UserAdministration.Test\UserAdministration.Test.csproj", "{338259D1-28F6-455C-9F7C-0F98E93C6E53}"
EndProject
Project("{FAE04EC0-301F-11D3-BF4B-00C04F79EFBC}") = "VacationAdministration.Test", "VacationAdministration.Test\VacationAdministration.Test.csproj", "{04AC906E-BD29-4F10-BAD2-C58563768938}"
EndProject
Global
	GlobalSection(SolutionConfigurationPlatforms) = preSolution
		Debug|Any CPU = Debug|Any CPU
		Release|Any CPU = Release|Any CPU
	EndGlobalSection
	GlobalSection(ProjectConfigurationPlatforms) = postSolution
		{D72058FA-3068-456C-A101-4EA249990640}.Debug|Any CPU.ActiveCfg = Debug|Any CPU
		{D72058FA-3068-456C-A101-4EA249990640}.Debug|Any CPU.Build.0 = Debug|Any CPU
		{D72058FA-3068-456C-A101-4EA249990640}.Release|Any CPU.ActiveCfg = Release|Any CPU
		{D72058FA-3068-456C-A101-4EA249990640}.Release|Any CPU.Build.0 = Release|Any CPU
		{338259D1-28F6-455C-9F7C-0F98E93C6E53}.Debug|Any CPU.ActiveCfg = Debug|Any CPU
		{338259D1-28F6-455C-9F7C-0F98E93C6E53}.Debug|Any CPU.Build.0 = Debug|Any CPU
		{338259D1-28F6-455C-9F7C-0F98E93C6E53}.Release|Any CPU.ActiveCfg = Release|Any CPU
		{338259D1-28F6-455C-9F7C-0F98E93C6E53}.Release|Any CPU.Build.0 = Release|Any CPU
		{04AC906E-BD29-4F10-BAD2-C58563768938}.Debug|Any CPU.ActiveCfg = Debug|Any CPU
		{04AC906E-BD29-4F10-BAD2-C58563768938}.Debug|Any CPU.Build.0 = Debug|Any CPU
		{04AC906E-BD29-4F10-BAD2-C58563768938}.Release|Any CPU.ActiveCfg = Release|Any CPU
		{04AC906E-BD29-4F10-BAD2-C58563768938}.Release|Any CPU.Build.0 = Release|Any CPU
	EndGlobalSection
	GlobalSection(SolutionProperties) = preSolution
		HideSolutionNode = FALSE
	EndGlobalSection
	GlobalSection(ExtensibilityGlobals) = postSolution
		SolutionGuid = {4CD90F07-14B6-4D50-9253-A810CBE97987}
	EndGlobalSection
EndGlobal
